
Microsoft Visual Studio Solution File, Format Version 12.00
# Visual Studio 2013
VisualStudioVersion = 12.0.21005.1
MinimumVisualStudioVersion = 10.0.40219.1
Project("{FAE04EC0-301F-11D3-BF4B-00C04F79EFBC}") = "Qabuze", "Qabuze\Qabuze.csproj", "{95FD302E-C007-43C9-98A2-BC3DF516641B}"
	ProjectSection(ProjectDependencies) = postProject
		{37619116-CCE8-465A-8B1F-081CA53364BB} = {37619116-CCE8-465A-8B1F-081CA53364BB}
	EndProjectSection
EndProject
Project("{FAE04EC0-301F-11D3-BF4B-00C04F79EFBC}") = "MarkdownSharp", "MarkdownSharp\MarkdownSharp.csproj", "{37619116-CCE8-465A-8B1F-081CA53364BB}"
EndProject
Project("{FAE04EC0-301F-11D3-BF4B-00C04F79EFBC}") = "taglib-sharp", "taglib-sharp\src\taglib-sharp.csproj", "{6B143A39-C7B2-4743-9917-92262C60E9A6}"
EndProject
Global
	GlobalSection(SolutionConfigurationPlatforms) = preSolution
		Debug with DL|Any CPU = Debug with DL|Any CPU
		Debug with DL|Mixed Platforms = Debug with DL|Mixed Platforms
		Debug with DL|Win32 = Debug with DL|Win32
		Debug with DL|x64 = Debug with DL|x64
		Debug|Any CPU = Debug|Any CPU
		Debug|Mixed Platforms = Debug|Mixed Platforms
		Debug|Win32 = Debug|Win32
		Debug|x64 = Debug|x64
		Release with DL|Any CPU = Release with DL|Any CPU
		Release with DL|Mixed Platforms = Release with DL|Mixed Platforms
		Release with DL|Win32 = Release with DL|Win32
		Release with DL|x64 = Release with DL|x64
		Release|Any CPU = Release|Any CPU
		Release|Mixed Platforms = Release|Mixed Platforms
		Release|Win32 = Release|Win32
		Release|x64 = Release|x64
	EndGlobalSection
	GlobalSection(ProjectConfigurationPlatforms) = postSolution
		{95FD302E-C007-43C9-98A2-BC3DF516641B}.Debug with DL|Any CPU.ActiveCfg = Debug with DL|Any CPU
		{95FD302E-C007-43C9-98A2-BC3DF516641B}.Debug with DL|Any CPU.Build.0 = Debug with DL|Any CPU
		{95FD302E-C007-43C9-98A2-BC3DF516641B}.Debug with DL|Mixed Platforms.ActiveCfg = Debug with DL|Any CPU
		{95FD302E-C007-43C9-98A2-BC3DF516641B}.Debug with DL|Mixed Platforms.Build.0 = Debug with DL|Any CPU
		{95FD302E-C007-43C9-98A2-BC3DF516641B}.Debug with DL|Win32.ActiveCfg = Debug with DL|Any CPU
		{95FD302E-C007-43C9-98A2-BC3DF516641B}.Debug with DL|x64.ActiveCfg = Debug with DL|x64
		{95FD302E-C007-43C9-98A2-BC3DF516641B}.Debug with DL|x64.Build.0 = Debug with DL|x64
		{95FD302E-C007-43C9-98A2-BC3DF516641B}.Debug|Any CPU.ActiveCfg = Debug|Any CPU
		{95FD302E-C007-43C9-98A2-BC3DF516641B}.Debug|Any CPU.Build.0 = Debug|Any CPU
		{95FD302E-C007-43C9-98A2-BC3DF516641B}.Debug|Mixed Platforms.ActiveCfg = Debug|Any CPU
		{95FD302E-C007-43C9-98A2-BC3DF516641B}.Debug|Mixed Platforms.Build.0 = Debug|Any CPU
		{95FD302E-C007-43C9-98A2-BC3DF516641B}.Debug|Win32.ActiveCfg = Debug|Any CPU
		{95FD302E-C007-43C9-98A2-BC3DF516641B}.Debug|x64.ActiveCfg = Debug|x64
		{95FD302E-C007-43C9-98A2-BC3DF516641B}.Release with DL|Any CPU.ActiveCfg = Release with DL|Any CPU
		{95FD302E-C007-43C9-98A2-BC3DF516641B}.Release with DL|Any CPU.Build.0 = Release with DL|Any CPU
		{95FD302E-C007-43C9-98A2-BC3DF516641B}.Release with DL|Mixed Platforms.ActiveCfg = Release with DL|Any CPU
		{95FD302E-C007-43C9-98A2-BC3DF516641B}.Release with DL|Mixed Platforms.Build.0 = Release with DL|Any CPU
		{95FD302E-C007-43C9-98A2-BC3DF516641B}.Release with DL|Win32.ActiveCfg = Release with DL|Any CPU
		{95FD302E-C007-43C9-98A2-BC3DF516641B}.Release with DL|x64.ActiveCfg = Release with DL|Any CPU
		{95FD302E-C007-43C9-98A2-BC3DF516641B}.Release with DL|x64.Build.0 = Release with DL|Any CPU
		{95FD302E-C007-43C9-98A2-BC3DF516641B}.Release|Any CPU.ActiveCfg = Release|Any CPU
		{95FD302E-C007-43C9-98A2-BC3DF516641B}.Release|Any CPU.Build.0 = Release|Any CPU
		{95FD302E-C007-43C9-98A2-BC3DF516641B}.Release|Mixed Platforms.ActiveCfg = Release|Any CPU
		{95FD302E-C007-43C9-98A2-BC3DF516641B}.Release|Mixed Platforms.Build.0 = Release|Any CPU
		{95FD302E-C007-43C9-98A2-BC3DF516641B}.Release|Win32.ActiveCfg = Release|Any CPU
		{95FD302E-C007-43C9-98A2-BC3DF516641B}.Release|x64.ActiveCfg = Release|x64
		{37619116-CCE8-465A-8B1F-081CA53364BB}.Debug with DL|Any CPU.ActiveCfg = Debug|Any CPU
		{37619116-CCE8-465A-8B1F-081CA53364BB}.Debug with DL|Any CPU.Build.0 = Debug|Any CPU
		{37619116-CCE8-465A-8B1F-081CA53364BB}.Debug with DL|Mixed Platforms.ActiveCfg = Debug|Any CPU
		{37619116-CCE8-465A-8B1F-081CA53364BB}.Debug with DL|Mixed Platforms.Build.0 = Debug|Any CPU
		{37619116-CCE8-465A-8B1F-081CA53364BB}.Debug with DL|Win32.ActiveCfg = Debug|Any CPU
		{37619116-CCE8-465A-8B1F-081CA53364BB}.Debug with DL|x64.ActiveCfg = Debug|x64
		{37619116-CCE8-465A-8B1F-081CA53364BB}.Debug with DL|x64.Build.0 = Debug|x64
		{37619116-CCE8-465A-8B1F-081CA53364BB}.Debug|Any CPU.ActiveCfg = Debug|Any CPU
		{37619116-CCE8-465A-8B1F-081CA53364BB}.Debug|Any CPU.Build.0 = Debug|Any CPU
		{37619116-CCE8-465A-8B1F-081CA53364BB}.Debug|Mixed Platforms.ActiveCfg = Debug|Any CPU
		{37619116-CCE8-465A-8B1F-081CA53364BB}.Debug|Mixed Platforms.Build.0 = Debug|Any CPU
		{37619116-CCE8-465A-8B1F-081CA53364BB}.Debug|Win32.ActiveCfg = Debug|Any CPU
		{37619116-CCE8-465A-8B1F-081CA53364BB}.Debug|x64.ActiveCfg = Debug|x64
		{37619116-CCE8-465A-8B1F-081CA53364BB}.Release with DL|Any CPU.ActiveCfg = Release|Any CPU
		{37619116-CCE8-465A-8B1F-081CA53364BB}.Release with DL|Any CPU.Build.0 = Release|Any CPU
		{37619116-CCE8-465A-8B1F-081CA53364BB}.Release with DL|Mixed Platforms.ActiveCfg = Release|Any CPU
		{37619116-CCE8-465A-8B1F-081CA53364BB}.Release with DL|Mixed Platforms.Build.0 = Release|Any CPU
		{37619116-CCE8-465A-8B1F-081CA53364BB}.Release with DL|Win32.ActiveCfg = Release|Any CPU
		{37619116-CCE8-465A-8B1F-081CA53364BB}.Release with DL|x64.ActiveCfg = Release|Any CPU
		{37619116-CCE8-465A-8B1F-081CA53364BB}.Release with DL|x64.Build.0 = Release|Any CPU
		{37619116-CCE8-465A-8B1F-081CA53364BB}.Release|Any CPU.ActiveCfg = Release|Any CPU
		{37619116-CCE8-465A-8B1F-081CA53364BB}.Release|Any CPU.Build.0 = Release|Any CPU
		{37619116-CCE8-465A-8B1F-081CA53364BB}.Release|Mixed Platforms.ActiveCfg = Release|Any CPU
		{37619116-CCE8-465A-8B1F-081CA53364BB}.Release|Mixed Platforms.Build.0 = Release|Any CPU
		{37619116-CCE8-465A-8B1F-081CA53364BB}.Release|Win32.ActiveCfg = Release|Any CPU
		{37619116-CCE8-465A-8B1F-081CA53364BB}.Release|x64.ActiveCfg = Release|x64
		{6B143A39-C7B2-4743-9917-92262C60E9A6}.Debug with DL|Any CPU.ActiveCfg = Debug|Any CPU
		{6B143A39-C7B2-4743-9917-92262C60E9A6}.Debug with DL|Any CPU.Build.0 = Debug|Any CPU
		{6B143A39-C7B2-4743-9917-92262C60E9A6}.Debug with DL|Mixed Platforms.ActiveCfg = Debug|Any CPU
		{6B143A39-C7B2-4743-9917-92262C60E9A6}.Debug with DL|Mixed Platforms.Build.0 = Debug|Any CPU
		{6B143A39-C7B2-4743-9917-92262C60E9A6}.Debug with DL|Win32.ActiveCfg = Debug|Any CPU
		{6B143A39-C7B2-4743-9917-92262C60E9A6}.Debug with DL|x64.ActiveCfg = Debug|Any CPU
		{6B143A39-C7B2-4743-9917-92262C60E9A6}.Debug|Any CPU.ActiveCfg = Debug|Any CPU
		{6B143A39-C7B2-4743-9917-92262C60E9A6}.Debug|Any CPU.Build.0 = Debug|Any CPU
		{6B143A39-C7B2-4743-9917-92262C60E9A6}.Debug|Mixed Platforms.ActiveCfg = Debug|Any CPU
		{6B143A39-C7B2-4743-9917-92262C60E9A6}.Debug|Mixed Platforms.Build.0 = Debug|Any CPU
		{6B143A39-C7B2-4743-9917-92262C60E9A6}.Debug|Win32.ActiveCfg = Debug|Any CPU
		{6B143A39-C7B2-4743-9917-92262C60E9A6}.Debug|x64.ActiveCfg = Debug|Any CPU
		{6B143A39-C7B2-4743-9917-92262C60E9A6}.Release with DL|Any CPU.ActiveCfg = Release|Any CPU
		{6B143A39-C7B2-4743-9917-92262C60E9A6}.Release with DL|Any CPU.Build.0 = Release|Any CPU
		{6B143A39-C7B2-4743-9917-92262C60E9A6}.Release with DL|Mixed Platforms.ActiveCfg = Release|Any CPU
		{6B143A39-C7B2-4743-9917-92262C60E9A6}.Release with DL|Mixed Platforms.Build.0 = Release|Any CPU
		{6B143A39-C7B2-4743-9917-92262C60E9A6}.Release with DL|Win32.ActiveCfg = Release|Any CPU
		{6B143A39-C7B2-4743-9917-92262C60E9A6}.Release with DL|x64.ActiveCfg = Release|Any CPU
		{6B143A39-C7B2-4743-9917-92262C60E9A6}.Release|Any CPU.ActiveCfg = Release|Any CPU
		{6B143A39-C7B2-4743-9917-92262C60E9A6}.Release|Any CPU.Build.0 = Release|Any CPU
		{6B143A39-C7B2-4743-9917-92262C60E9A6}.Release|Mixed Platforms.ActiveCfg = Release|Any CPU
		{6B143A39-C7B2-4743-9917-92262C60E9A6}.Release|Mixed Platforms.Build.0 = Release|Any CPU
		{6B143A39-C7B2-4743-9917-92262C60E9A6}.Release|Win32.ActiveCfg = Release|Any CPU
		{6B143A39-C7B2-4743-9917-92262C60E9A6}.Release|x64.ActiveCfg = Release|Any CPU
	EndGlobalSection
	GlobalSection(SolutionProperties) = preSolution
		HideSolutionNode = FALSE
	EndGlobalSection
EndGlobal
