
Microsoft Visual Studio Solution File, Format Version 12.00
# Visual Studio 2013
VisualStudioVersion = 12.0.21005.1
MinimumVisualStudioVersion = 10.0.40219.1
Project("{FAE04EC0-301F-11D3-BF4B-00C04F79EFBC}") = "Qabuze", "Qabuze\Qabuze.csproj", "{95FD302E-C007-43C9-98A2-BC3DF516641B}"
	ProjectSection(ProjectDependencies) = postProject
		{37619116-CCE8-465A-8B1F-081CA53364BB} = {37619116-CCE8-465A-8B1F-081CA53364BB}
	EndProjectSection
EndProject
Project("{FAE04EC0-301F-11D3-BF4B-00C04F79EFBC}") = "MarkdownSharp", "MarkdownSharp\MarkdownSharp.csproj", "{37619116-CCE8-465A-8B1F-081CA53364BB}"
EndProject
Global
	GlobalSection(SolutionConfigurationPlatforms) = preSolution
		Debug with DL|Any CPU = Debug with DL|Any CPU
		Debug|Any CPU = Debug|Any CPU
		Release with DL|Any CPU = Release with DL|Any CPU
		Release|Any CPU = Release|Any CPU
	EndGlobalSection
	GlobalSection(ProjectConfigurationPlatforms) = postSolution
		{95FD302E-C007-43C9-98A2-BC3DF516641B}.Debug with DL|Any CPU.ActiveCfg = Debug with DL|Any CPU
		{95FD302E-C007-43C9-98A2-BC3DF516641B}.Debug with DL|Any CPU.Build.0 = Debug with DL|Any CPU
		{95FD302E-C007-43C9-98A2-BC3DF516641B}.Debug|Any CPU.ActiveCfg = Debug|Any CPU
		{95FD302E-C007-43C9-98A2-BC3DF516641B}.Debug|Any CPU.Build.0 = Debug|Any CPU
		{95FD302E-C007-43C9-98A2-BC3DF516641B}.Release with DL|Any CPU.ActiveCfg = Release with DL|Any CPU
		{95FD302E-C007-43C9-98A2-BC3DF516641B}.Release with DL|Any CPU.Build.0 = Release with DL|Any CPU
		{95FD302E-C007-43C9-98A2-BC3DF516641B}.Release|Any CPU.ActiveCfg = Release|Any CPU
		{95FD302E-C007-43C9-98A2-BC3DF516641B}.Release|Any CPU.Build.0 = Release|Any CPU
		{37619116-CCE8-465A-8B1F-081CA53364BB}.Debug with DL|Any CPU.ActiveCfg = Debug|Any CPU
		{37619116-CCE8-465A-8B1F-081CA53364BB}.Debug with DL|Any CPU.Build.0 = Debug|Any CPU
		{37619116-CCE8-465A-8B1F-081CA53364BB}.Debug|Any CPU.ActiveCfg = Debug|Any CPU
		{37619116-CCE8-465A-8B1F-081CA53364BB}.Debug|Any CPU.Build.0 = Debug|Any CPU
		{37619116-CCE8-465A-8B1F-081CA53364BB}.Release with DL|Any CPU.ActiveCfg = Release|Any CPU
		{37619116-CCE8-465A-8B1F-081CA53364BB}.Release with DL|Any CPU.Build.0 = Release|Any CPU
		{37619116-CCE8-465A-8B1F-081CA53364BB}.Release|Any CPU.ActiveCfg = Release|Any CPU
		{37619116-CCE8-465A-8B1F-081CA53364BB}.Release|Any CPU.Build.0 = Release|Any CPU
	EndGlobalSection
	GlobalSection(SolutionProperties) = preSolution
		HideSolutionNode = FALSE
	EndGlobalSection
EndGlobal
